
Microsoft Visual Studio Solution File, Format Version 12.00
# Visual Studio Version 16
VisualStudioVersion = 16.0.31205.134
MinimumVisualStudioVersion = 10.0.40219.1
Project("{D954291E-2A0B-460D-934E-DC6B0785DB48}") = "POSUNO.Shared", "POSUNO\POSUNO.Shared\POSUNO.Shared.shproj", "{6279C845-92F8-4333-AB99-3D213163593C}"
EndProject
Project("{2150E333-8FDC-42A3-9474-1A3956D46DE8}") = "Platforms", "Platforms", "{FF582F57-C0A7-4912-BF1E-91ECFD4D53E8}"
EndProject
Project("{FAE04EC0-301F-11D3-BF4B-00C04F79EFBC}") = "POSUNO.Droid", "POSUNO\POSUNO.Droid\POSUNO.Droid.csproj", "{B1C188C9-8741-4FCE-BD87-2355970D2EC2}"
EndProject
Project("{FAE04EC0-301F-11D3-BF4B-00C04F79EFBC}") = "POSUNO.iOS", "POSUNO\POSUNO.iOS\POSUNO.iOS.csproj", "{7A9330F0-7367-438C-B22F-42D24E47C86A}"
EndProject
Project("{FAE04EC0-301F-11D3-BF4B-00C04F79EFBC}") = "POSUNO.UWP", "POSUNO\POSUNO.UWP\POSUNO.UWP.csproj", "{868874F6-E983-444C-BC47-6BA3E89BD920}"
EndProject
Project("{FAE04EC0-301F-11D3-BF4B-00C04F79EFBC}") = "POSUNO.Wasm", "POSUNO\POSUNO.Wasm\POSUNO.Wasm.csproj", "{7DB73BB7-70F9-40FC-80EE-304E5BC8650C}"
EndProject
Project("{FAE04EC0-301F-11D3-BF4B-00C04F79EFBC}") = "POSUNO.macOS", "POSUNO\POSUNO.macOS\POSUNO.macOS.csproj", "{F384A217-9A6F-4B80-BA49-E5D00C327F3A}"
EndProject
Project("{FAE04EC0-301F-11D3-BF4B-00C04F79EFBC}") = "POSUNO.Skia.Wpf.Host", "POSUNO\POSUNO.Skia.Wpf.Host\POSUNO.Skia.Wpf.Host.csproj", "{7A1D0905-90B8-42B7-8AFE-F03639204B3A}"
EndProject
Project("{FAE04EC0-301F-11D3-BF4B-00C04F79EFBC}") = "POSUNO.Skia.Wpf", "POSUNO\POSUNO.Skia.Wpf\POSUNO.Skia.Wpf.csproj", "{0FC42AC1-A391-4040-AAD4-0C545816FDC4}"
EndProject
Project("{FAE04EC0-301F-11D3-BF4B-00C04F79EFBC}") = "POSUNO.Skia.Gtk", "POSUNO\POSUNO.Skia.Gtk\POSUNO.Skia.Gtk.csproj", "{7EC373BA-D701-4C39-9970-CBC58ADBD550}"
EndProject
Project("{FAE04EC0-301F-11D3-BF4B-00C04F79EFBC}") = "POSUNO.Skia.Tizen", "POSUNO\POSUNO.Skia.Tizen\POSUNO.Skia.Tizen.csproj", "{D6492C19-EC6A-4250-9B85-0F4EB9064296}"
EndProject
Project("{FAE04EC0-301F-11D3-BF4B-00C04F79EFBC}") = "POSUNO.Api", "POSUNO.Api\POSUNO.Api.csproj", "{E7813A0B-298D-42DF-AECB-7458BCDC84DC}"
EndProject
Global
	GlobalSection(SharedMSBuildProjectFiles) = preSolution
		POSUNO\POSUNO.Shared\POSUNO.Shared.projitems*{0fc42ac1-a391-4040-aad4-0c545816fdc4}*SharedItemsImports = 5
		POSUNO\POSUNO.Shared\POSUNO.Shared.projitems*{6279c845-92f8-4333-ab99-3d213163593c}*SharedItemsImports = 13
		POSUNO\POSUNO.Shared\POSUNO.Shared.projitems*{7a9330f0-7367-438c-b22f-42d24e47c86a}*SharedItemsImports = 4
		POSUNO\POSUNO.Shared\POSUNO.Shared.projitems*{7db73bb7-70f9-40fc-80ee-304e5bc8650c}*SharedItemsImports = 5
		POSUNO\POSUNO.Shared\POSUNO.Shared.projitems*{7ec373ba-d701-4c39-9970-cbc58adbd550}*SharedItemsImports = 5
		POSUNO\POSUNO.Shared\POSUNO.Shared.projitems*{868874f6-e983-444c-bc47-6ba3e89bd920}*SharedItemsImports = 4
		POSUNO\POSUNO.Shared\POSUNO.Shared.projitems*{b1c188c9-8741-4fce-bd87-2355970d2ec2}*SharedItemsImports = 4
		POSUNO\POSUNO.Shared\POSUNO.Shared.projitems*{d6492c19-ec6a-4250-9b85-0f4eb9064296}*SharedItemsImports = 5
		POSUNO\POSUNO.Shared\POSUNO.Shared.projitems*{f384a217-9a6f-4b80-ba49-e5d00c327f3a}*SharedItemsImports = 4
	EndGlobalSection
	GlobalSection(SolutionConfigurationPlatforms) = preSolution
		Ad-Hoc|Any CPU = Ad-Hoc|Any CPU
		Ad-Hoc|ARM = Ad-Hoc|ARM
		Ad-Hoc|ARM64 = Ad-Hoc|ARM64
		Ad-Hoc|iPhone = Ad-Hoc|iPhone
		Ad-Hoc|iPhoneSimulator = Ad-Hoc|iPhoneSimulator
		Ad-Hoc|x64 = Ad-Hoc|x64
		Ad-Hoc|x86 = Ad-Hoc|x86
		AppStore|Any CPU = AppStore|Any CPU
		AppStore|ARM = AppStore|ARM
		AppStore|ARM64 = AppStore|ARM64
		AppStore|iPhone = AppStore|iPhone
		AppStore|iPhoneSimulator = AppStore|iPhoneSimulator
		AppStore|x64 = AppStore|x64
		AppStore|x86 = AppStore|x86
		Debug|Any CPU = Debug|Any CPU
		Debug|ARM = Debug|ARM
		Debug|ARM64 = Debug|ARM64
		Debug|iPhone = Debug|iPhone
		Debug|iPhoneSimulator = Debug|iPhoneSimulator
		Debug|x64 = Debug|x64
		Debug|x86 = Debug|x86
		Release|Any CPU = Release|Any CPU
		Release|ARM = Release|ARM
		Release|ARM64 = Release|ARM64
		Release|iPhone = Release|iPhone
		Release|iPhoneSimulator = Release|iPhoneSimulator
		Release|x64 = Release|x64
		Release|x86 = Release|x86
	EndGlobalSection
	GlobalSection(ProjectConfigurationPlatforms) = postSolution
		{B1C188C9-8741-4FCE-BD87-2355970D2EC2}.Ad-Hoc|Any CPU.ActiveCfg = Debug|Any CPU
		{B1C188C9-8741-4FCE-BD87-2355970D2EC2}.Ad-Hoc|Any CPU.Build.0 = Debug|Any CPU
		{B1C188C9-8741-4FCE-BD87-2355970D2EC2}.Ad-Hoc|Any CPU.Deploy.0 = Debug|Any CPU
		{B1C188C9-8741-4FCE-BD87-2355970D2EC2}.Ad-Hoc|ARM.ActiveCfg = Debug|Any CPU
		{B1C188C9-8741-4FCE-BD87-2355970D2EC2}.Ad-Hoc|ARM.Build.0 = Debug|Any CPU
		{B1C188C9-8741-4FCE-BD87-2355970D2EC2}.Ad-Hoc|ARM.Deploy.0 = Debug|Any CPU
		{B1C188C9-8741-4FCE-BD87-2355970D2EC2}.Ad-Hoc|ARM64.ActiveCfg = Debug|Any CPU
		{B1C188C9-8741-4FCE-BD87-2355970D2EC2}.Ad-Hoc|ARM64.Build.0 = Debug|Any CPU
		{B1C188C9-8741-4FCE-BD87-2355970D2EC2}.Ad-Hoc|ARM64.Deploy.0 = Debug|Any CPU
		{B1C188C9-8741-4FCE-BD87-2355970D2EC2}.Ad-Hoc|iPhone.ActiveCfg = Debug|Any CPU
		{B1C188C9-8741-4FCE-BD87-2355970D2EC2}.Ad-Hoc|iPhone.Build.0 = Debug|Any CPU
		{B1C188C9-8741-4FCE-BD87-2355970D2EC2}.Ad-Hoc|iPhone.Deploy.0 = Debug|Any CPU
		{B1C188C9-8741-4FCE-BD87-2355970D2EC2}.Ad-Hoc|iPhoneSimulator.ActiveCfg = Debug|Any CPU
		{B1C188C9-8741-4FCE-BD87-2355970D2EC2}.Ad-Hoc|iPhoneSimulator.Build.0 = Debug|Any CPU
		{B1C188C9-8741-4FCE-BD87-2355970D2EC2}.Ad-Hoc|iPhoneSimulator.Deploy.0 = Debug|Any CPU
		{B1C188C9-8741-4FCE-BD87-2355970D2EC2}.Ad-Hoc|x64.ActiveCfg = Debug|Any CPU
		{B1C188C9-8741-4FCE-BD87-2355970D2EC2}.Ad-Hoc|x64.Build.0 = Debug|Any CPU
		{B1C188C9-8741-4FCE-BD87-2355970D2EC2}.Ad-Hoc|x64.Deploy.0 = Debug|Any CPU
		{B1C188C9-8741-4FCE-BD87-2355970D2EC2}.Ad-Hoc|x86.ActiveCfg = Debug|Any CPU
		{B1C188C9-8741-4FCE-BD87-2355970D2EC2}.Ad-Hoc|x86.Build.0 = Debug|Any CPU
		{B1C188C9-8741-4FCE-BD87-2355970D2EC2}.Ad-Hoc|x86.Deploy.0 = Debug|Any CPU
		{B1C188C9-8741-4FCE-BD87-2355970D2EC2}.AppStore|Any CPU.ActiveCfg = Debug|Any CPU
		{B1C188C9-8741-4FCE-BD87-2355970D2EC2}.AppStore|Any CPU.Build.0 = Debug|Any CPU
		{B1C188C9-8741-4FCE-BD87-2355970D2EC2}.AppStore|Any CPU.Deploy.0 = Debug|Any CPU
		{B1C188C9-8741-4FCE-BD87-2355970D2EC2}.AppStore|ARM.ActiveCfg = Debug|Any CPU
		{B1C188C9-8741-4FCE-BD87-2355970D2EC2}.AppStore|ARM.Build.0 = Debug|Any CPU
		{B1C188C9-8741-4FCE-BD87-2355970D2EC2}.AppStore|ARM.Deploy.0 = Debug|Any CPU
		{B1C188C9-8741-4FCE-BD87-2355970D2EC2}.AppStore|ARM64.ActiveCfg = Debug|Any CPU
		{B1C188C9-8741-4FCE-BD87-2355970D2EC2}.AppStore|ARM64.Build.0 = Debug|Any CPU
		{B1C188C9-8741-4FCE-BD87-2355970D2EC2}.AppStore|ARM64.Deploy.0 = Debug|Any CPU
		{B1C188C9-8741-4FCE-BD87-2355970D2EC2}.AppStore|iPhone.ActiveCfg = Debug|Any CPU
		{B1C188C9-8741-4FCE-BD87-2355970D2EC2}.AppStore|iPhone.Build.0 = Debug|Any CPU
		{B1C188C9-8741-4FCE-BD87-2355970D2EC2}.AppStore|iPhone.Deploy.0 = Debug|Any CPU
		{B1C188C9-8741-4FCE-BD87-2355970D2EC2}.AppStore|iPhoneSimulator.ActiveCfg = Debug|Any CPU
		{B1C188C9-8741-4FCE-BD87-2355970D2EC2}.AppStore|iPhoneSimulator.Build.0 = Debug|Any CPU
		{B1C188C9-8741-4FCE-BD87-2355970D2EC2}.AppStore|iPhoneSimulator.Deploy.0 = Debug|Any CPU
		{B1C188C9-8741-4FCE-BD87-2355970D2EC2}.AppStore|x64.ActiveCfg = Debug|Any CPU
		{B1C188C9-8741-4FCE-BD87-2355970D2EC2}.AppStore|x64.Build.0 = Debug|Any CPU
		{B1C188C9-8741-4FCE-BD87-2355970D2EC2}.AppStore|x64.Deploy.0 = Debug|Any CPU
		{B1C188C9-8741-4FCE-BD87-2355970D2EC2}.AppStore|x86.ActiveCfg = Debug|Any CPU
		{B1C188C9-8741-4FCE-BD87-2355970D2EC2}.AppStore|x86.Build.0 = Debug|Any CPU
		{B1C188C9-8741-4FCE-BD87-2355970D2EC2}.AppStore|x86.Deploy.0 = Debug|Any CPU
		{B1C188C9-8741-4FCE-BD87-2355970D2EC2}.Debug|Any CPU.ActiveCfg = Debug|Any CPU
		{B1C188C9-8741-4FCE-BD87-2355970D2EC2}.Debug|Any CPU.Build.0 = Debug|Any CPU
		{B1C188C9-8741-4FCE-BD87-2355970D2EC2}.Debug|Any CPU.Deploy.0 = Debug|Any CPU
		{B1C188C9-8741-4FCE-BD87-2355970D2EC2}.Debug|ARM.ActiveCfg = Debug|Any CPU
		{B1C188C9-8741-4FCE-BD87-2355970D2EC2}.Debug|ARM.Build.0 = Debug|Any CPU
		{B1C188C9-8741-4FCE-BD87-2355970D2EC2}.Debug|ARM.Deploy.0 = Debug|Any CPU
		{B1C188C9-8741-4FCE-BD87-2355970D2EC2}.Debug|ARM64.ActiveCfg = Debug|Any CPU
		{B1C188C9-8741-4FCE-BD87-2355970D2EC2}.Debug|ARM64.Build.0 = Debug|Any CPU
		{B1C188C9-8741-4FCE-BD87-2355970D2EC2}.Debug|ARM64.Deploy.0 = Debug|Any CPU
		{B1C188C9-8741-4FCE-BD87-2355970D2EC2}.Debug|iPhone.ActiveCfg = Debug|Any CPU
		{B1C188C9-8741-4FCE-BD87-2355970D2EC2}.Debug|iPhone.Build.0 = Debug|Any CPU
		{B1C188C9-8741-4FCE-BD87-2355970D2EC2}.Debug|iPhone.Deploy.0 = Debug|Any CPU
		{B1C188C9-8741-4FCE-BD87-2355970D2EC2}.Debug|iPhoneSimulator.ActiveCfg = Debug|Any CPU
		{B1C188C9-8741-4FCE-BD87-2355970D2EC2}.Debug|iPhoneSimulator.Build.0 = Debug|Any CPU
		{B1C188C9-8741-4FCE-BD87-2355970D2EC2}.Debug|iPhoneSimulator.Deploy.0 = Debug|Any CPU
		{B1C188C9-8741-4FCE-BD87-2355970D2EC2}.Debug|x64.ActiveCfg = Debug|Any CPU
		{B1C188C9-8741-4FCE-BD87-2355970D2EC2}.Debug|x64.Build.0 = Debug|Any CPU
		{B1C188C9-8741-4FCE-BD87-2355970D2EC2}.Debug|x64.Deploy.0 = Debug|Any CPU
		{B1C188C9-8741-4FCE-BD87-2355970D2EC2}.Debug|x86.ActiveCfg = Debug|Any CPU
		{B1C188C9-8741-4FCE-BD87-2355970D2EC2}.Debug|x86.Build.0 = Debug|Any CPU
		{B1C188C9-8741-4FCE-BD87-2355970D2EC2}.Debug|x86.Deploy.0 = Debug|Any CPU
		{B1C188C9-8741-4FCE-BD87-2355970D2EC2}.Release|Any CPU.ActiveCfg = Release|Any CPU
		{B1C188C9-8741-4FCE-BD87-2355970D2EC2}.Release|Any CPU.Build.0 = Release|Any CPU
		{B1C188C9-8741-4FCE-BD87-2355970D2EC2}.Release|Any CPU.Deploy.0 = Release|Any CPU
		{B1C188C9-8741-4FCE-BD87-2355970D2EC2}.Release|ARM.ActiveCfg = Release|Any CPU
		{B1C188C9-8741-4FCE-BD87-2355970D2EC2}.Release|ARM.Build.0 = Release|Any CPU
		{B1C188C9-8741-4FCE-BD87-2355970D2EC2}.Release|ARM.Deploy.0 = Release|Any CPU
		{B1C188C9-8741-4FCE-BD87-2355970D2EC2}.Release|ARM64.ActiveCfg = Release|Any CPU
		{B1C188C9-8741-4FCE-BD87-2355970D2EC2}.Release|ARM64.Build.0 = Release|Any CPU
		{B1C188C9-8741-4FCE-BD87-2355970D2EC2}.Release|ARM64.Deploy.0 = Release|Any CPU
		{B1C188C9-8741-4FCE-BD87-2355970D2EC2}.Release|iPhone.ActiveCfg = Release|Any CPU
		{B1C188C9-8741-4FCE-BD87-2355970D2EC2}.Release|iPhone.Build.0 = Release|Any CPU
		{B1C188C9-8741-4FCE-BD87-2355970D2EC2}.Release|iPhone.Deploy.0 = Release|Any CPU
		{B1C188C9-8741-4FCE-BD87-2355970D2EC2}.Release|iPhoneSimulator.ActiveCfg = Release|Any CPU
		{B1C188C9-8741-4FCE-BD87-2355970D2EC2}.Release|iPhoneSimulator.Build.0 = Release|Any CPU
		{B1C188C9-8741-4FCE-BD87-2355970D2EC2}.Release|iPhoneSimulator.Deploy.0 = Release|Any CPU
		{B1C188C9-8741-4FCE-BD87-2355970D2EC2}.Release|x64.ActiveCfg = Release|Any CPU
		{B1C188C9-8741-4FCE-BD87-2355970D2EC2}.Release|x64.Build.0 = Release|Any CPU
		{B1C188C9-8741-4FCE-BD87-2355970D2EC2}.Release|x64.Deploy.0 = Release|Any CPU
		{B1C188C9-8741-4FCE-BD87-2355970D2EC2}.Release|x86.ActiveCfg = Release|Any CPU
		{B1C188C9-8741-4FCE-BD87-2355970D2EC2}.Release|x86.Build.0 = Release|Any CPU
		{B1C188C9-8741-4FCE-BD87-2355970D2EC2}.Release|x86.Deploy.0 = Release|Any CPU
		{7A9330F0-7367-438C-B22F-42D24E47C86A}.Ad-Hoc|Any CPU.ActiveCfg = Ad-Hoc|iPhoneSimulator
		{7A9330F0-7367-438C-B22F-42D24E47C86A}.Ad-Hoc|ARM.ActiveCfg = Ad-Hoc|iPhoneSimulator
		{7A9330F0-7367-438C-B22F-42D24E47C86A}.Ad-Hoc|ARM64.ActiveCfg = Ad-Hoc|iPhoneSimulator
		{7A9330F0-7367-438C-B22F-42D24E47C86A}.Ad-Hoc|iPhone.ActiveCfg = Ad-Hoc|iPhone
		{7A9330F0-7367-438C-B22F-42D24E47C86A}.Ad-Hoc|iPhone.Build.0 = Ad-Hoc|iPhone
		{7A9330F0-7367-438C-B22F-42D24E47C86A}.Ad-Hoc|iPhoneSimulator.ActiveCfg = Ad-Hoc|iPhoneSimulator
		{7A9330F0-7367-438C-B22F-42D24E47C86A}.Ad-Hoc|iPhoneSimulator.Build.0 = Ad-Hoc|iPhoneSimulator
		{7A9330F0-7367-438C-B22F-42D24E47C86A}.Ad-Hoc|x64.ActiveCfg = Ad-Hoc|iPhoneSimulator
		{7A9330F0-7367-438C-B22F-42D24E47C86A}.Ad-Hoc|x86.ActiveCfg = Ad-Hoc|iPhoneSimulator
		{7A9330F0-7367-438C-B22F-42D24E47C86A}.AppStore|Any CPU.ActiveCfg = AppStore|iPhoneSimulator
		{7A9330F0-7367-438C-B22F-42D24E47C86A}.AppStore|ARM.ActiveCfg = AppStore|iPhoneSimulator
		{7A9330F0-7367-438C-B22F-42D24E47C86A}.AppStore|ARM64.ActiveCfg = AppStore|iPhoneSimulator
		{7A9330F0-7367-438C-B22F-42D24E47C86A}.AppStore|iPhone.ActiveCfg = AppStore|iPhone
		{7A9330F0-7367-438C-B22F-42D24E47C86A}.AppStore|iPhone.Build.0 = AppStore|iPhone
		{7A9330F0-7367-438C-B22F-42D24E47C86A}.AppStore|iPhoneSimulator.ActiveCfg = AppStore|iPhoneSimulator
		{7A9330F0-7367-438C-B22F-42D24E47C86A}.AppStore|iPhoneSimulator.Build.0 = AppStore|iPhoneSimulator
		{7A9330F0-7367-438C-B22F-42D24E47C86A}.AppStore|x64.ActiveCfg = AppStore|iPhoneSimulator
		{7A9330F0-7367-438C-B22F-42D24E47C86A}.AppStore|x86.ActiveCfg = AppStore|iPhoneSimulator
		{7A9330F0-7367-438C-B22F-42D24E47C86A}.Debug|Any CPU.ActiveCfg = Debug|iPhoneSimulator
		{7A9330F0-7367-438C-B22F-42D24E47C86A}.Debug|ARM.ActiveCfg = Debug|iPhoneSimulator
		{7A9330F0-7367-438C-B22F-42D24E47C86A}.Debug|ARM64.ActiveCfg = Debug|iPhoneSimulator
		{7A9330F0-7367-438C-B22F-42D24E47C86A}.Debug|iPhone.ActiveCfg = Debug|iPhone
		{7A9330F0-7367-438C-B22F-42D24E47C86A}.Debug|iPhone.Build.0 = Debug|iPhone
		{7A9330F0-7367-438C-B22F-42D24E47C86A}.Debug|iPhoneSimulator.ActiveCfg = Debug|iPhoneSimulator
		{7A9330F0-7367-438C-B22F-42D24E47C86A}.Debug|iPhoneSimulator.Build.0 = Debug|iPhoneSimulator
		{7A9330F0-7367-438C-B22F-42D24E47C86A}.Debug|x64.ActiveCfg = Debug|iPhoneSimulator
		{7A9330F0-7367-438C-B22F-42D24E47C86A}.Debug|x86.ActiveCfg = Debug|iPhoneSimulator
		{7A9330F0-7367-438C-B22F-42D24E47C86A}.Release|Any CPU.ActiveCfg = Release|iPhoneSimulator
		{7A9330F0-7367-438C-B22F-42D24E47C86A}.Release|ARM.ActiveCfg = Release|iPhoneSimulator
		{7A9330F0-7367-438C-B22F-42D24E47C86A}.Release|ARM64.ActiveCfg = Release|iPhoneSimulator
		{7A9330F0-7367-438C-B22F-42D24E47C86A}.Release|iPhone.ActiveCfg = Release|iPhone
		{7A9330F0-7367-438C-B22F-42D24E47C86A}.Release|iPhone.Build.0 = Release|iPhone
		{7A9330F0-7367-438C-B22F-42D24E47C86A}.Release|iPhoneSimulator.ActiveCfg = Release|iPhoneSimulator
		{7A9330F0-7367-438C-B22F-42D24E47C86A}.Release|iPhoneSimulator.Build.0 = Release|iPhoneSimulator
		{7A9330F0-7367-438C-B22F-42D24E47C86A}.Release|x64.ActiveCfg = Release|iPhoneSimulator
		{7A9330F0-7367-438C-B22F-42D24E47C86A}.Release|x86.ActiveCfg = Release|iPhoneSimulator
		{868874F6-E983-444C-BC47-6BA3E89BD920}.Ad-Hoc|Any CPU.ActiveCfg = Debug|x86
		{868874F6-E983-444C-BC47-6BA3E89BD920}.Ad-Hoc|Any CPU.Build.0 = Debug|x86
		{868874F6-E983-444C-BC47-6BA3E89BD920}.Ad-Hoc|Any CPU.Deploy.0 = Debug|x86
		{868874F6-E983-444C-BC47-6BA3E89BD920}.Ad-Hoc|ARM.ActiveCfg = Debug|ARM
		{868874F6-E983-444C-BC47-6BA3E89BD920}.Ad-Hoc|ARM.Build.0 = Debug|ARM
		{868874F6-E983-444C-BC47-6BA3E89BD920}.Ad-Hoc|ARM.Deploy.0 = Debug|ARM
		{868874F6-E983-444C-BC47-6BA3E89BD920}.Ad-Hoc|ARM64.ActiveCfg = Debug|ARM64
		{868874F6-E983-444C-BC47-6BA3E89BD920}.Ad-Hoc|ARM64.Build.0 = Debug|ARM64
		{868874F6-E983-444C-BC47-6BA3E89BD920}.Ad-Hoc|ARM64.Deploy.0 = Debug|ARM64
		{868874F6-E983-444C-BC47-6BA3E89BD920}.Ad-Hoc|iPhone.ActiveCfg = Debug|x86
		{868874F6-E983-444C-BC47-6BA3E89BD920}.Ad-Hoc|iPhone.Build.0 = Debug|x86
		{868874F6-E983-444C-BC47-6BA3E89BD920}.Ad-Hoc|iPhone.Deploy.0 = Debug|x86
		{868874F6-E983-444C-BC47-6BA3E89BD920}.Ad-Hoc|iPhoneSimulator.ActiveCfg = Debug|x86
		{868874F6-E983-444C-BC47-6BA3E89BD920}.Ad-Hoc|iPhoneSimulator.Build.0 = Debug|x86
		{868874F6-E983-444C-BC47-6BA3E89BD920}.Ad-Hoc|iPhoneSimulator.Deploy.0 = Debug|x86
		{868874F6-E983-444C-BC47-6BA3E89BD920}.Ad-Hoc|x64.ActiveCfg = Debug|x64
		{868874F6-E983-444C-BC47-6BA3E89BD920}.Ad-Hoc|x64.Build.0 = Debug|x64
		{868874F6-E983-444C-BC47-6BA3E89BD920}.Ad-Hoc|x64.Deploy.0 = Debug|x64
		{868874F6-E983-444C-BC47-6BA3E89BD920}.Ad-Hoc|x86.ActiveCfg = Debug|x86
		{868874F6-E983-444C-BC47-6BA3E89BD920}.Ad-Hoc|x86.Build.0 = Debug|x86
		{868874F6-E983-444C-BC47-6BA3E89BD920}.Ad-Hoc|x86.Deploy.0 = Debug|x86
		{868874F6-E983-444C-BC47-6BA3E89BD920}.AppStore|Any CPU.ActiveCfg = Debug|x86
		{868874F6-E983-444C-BC47-6BA3E89BD920}.AppStore|Any CPU.Build.0 = Debug|x86
		{868874F6-E983-444C-BC47-6BA3E89BD920}.AppStore|Any CPU.Deploy.0 = Debug|x86
		{868874F6-E983-444C-BC47-6BA3E89BD920}.AppStore|ARM.ActiveCfg = Debug|ARM
		{868874F6-E983-444C-BC47-6BA3E89BD920}.AppStore|ARM.Build.0 = Debug|ARM
		{868874F6-E983-444C-BC47-6BA3E89BD920}.AppStore|ARM.Deploy.0 = Debug|ARM
		{868874F6-E983-444C-BC47-6BA3E89BD920}.AppStore|ARM64.ActiveCfg = Debug|ARM64
		{868874F6-E983-444C-BC47-6BA3E89BD920}.AppStore|ARM64.Build.0 = Debug|ARM64
		{868874F6-E983-444C-BC47-6BA3E89BD920}.AppStore|ARM64.Deploy.0 = Debug|ARM64
		{868874F6-E983-444C-BC47-6BA3E89BD920}.AppStore|iPhone.ActiveCfg = Debug|x86
		{868874F6-E983-444C-BC47-6BA3E89BD920}.AppStore|iPhone.Build.0 = Debug|x86
		{868874F6-E983-444C-BC47-6BA3E89BD920}.AppStore|iPhone.Deploy.0 = Debug|x86
		{868874F6-E983-444C-BC47-6BA3E89BD920}.AppStore|iPhoneSimulator.ActiveCfg = Debug|x86
		{868874F6-E983-444C-BC47-6BA3E89BD920}.AppStore|iPhoneSimulator.Build.0 = Debug|x86
		{868874F6-E983-444C-BC47-6BA3E89BD920}.AppStore|iPhoneSimulator.Deploy.0 = Debug|x86
		{868874F6-E983-444C-BC47-6BA3E89BD920}.AppStore|x64.ActiveCfg = Debug|x64
		{868874F6-E983-444C-BC47-6BA3E89BD920}.AppStore|x64.Build.0 = Debug|x64
		{868874F6-E983-444C-BC47-6BA3E89BD920}.AppStore|x64.Deploy.0 = Debug|x64
		{868874F6-E983-444C-BC47-6BA3E89BD920}.AppStore|x86.ActiveCfg = Debug|x86
		{868874F6-E983-444C-BC47-6BA3E89BD920}.AppStore|x86.Build.0 = Debug|x86
		{868874F6-E983-444C-BC47-6BA3E89BD920}.AppStore|x86.Deploy.0 = Debug|x86
		{868874F6-E983-444C-BC47-6BA3E89BD920}.Debug|Any CPU.ActiveCfg = Debug|x86
		{868874F6-E983-444C-BC47-6BA3E89BD920}.Debug|Any CPU.Build.0 = Debug|x86
		{868874F6-E983-444C-BC47-6BA3E89BD920}.Debug|Any CPU.Deploy.0 = Debug|x86
		{868874F6-E983-444C-BC47-6BA3E89BD920}.Debug|ARM.ActiveCfg = Debug|ARM
		{868874F6-E983-444C-BC47-6BA3E89BD920}.Debug|ARM.Build.0 = Debug|ARM
		{868874F6-E983-444C-BC47-6BA3E89BD920}.Debug|ARM.Deploy.0 = Debug|ARM
		{868874F6-E983-444C-BC47-6BA3E89BD920}.Debug|ARM64.ActiveCfg = Debug|ARM64
		{868874F6-E983-444C-BC47-6BA3E89BD920}.Debug|ARM64.Build.0 = Debug|ARM64
		{868874F6-E983-444C-BC47-6BA3E89BD920}.Debug|ARM64.Deploy.0 = Debug|ARM64
		{868874F6-E983-444C-BC47-6BA3E89BD920}.Debug|iPhone.ActiveCfg = Debug|x86
		{868874F6-E983-444C-BC47-6BA3E89BD920}.Debug|iPhoneSimulator.ActiveCfg = Debug|x86
		{868874F6-E983-444C-BC47-6BA3E89BD920}.Debug|x64.ActiveCfg = Debug|x64
		{868874F6-E983-444C-BC47-6BA3E89BD920}.Debug|x64.Build.0 = Debug|x64
		{868874F6-E983-444C-BC47-6BA3E89BD920}.Debug|x64.Deploy.0 = Debug|x64
		{868874F6-E983-444C-BC47-6BA3E89BD920}.Debug|x86.ActiveCfg = Debug|x86
		{868874F6-E983-444C-BC47-6BA3E89BD920}.Debug|x86.Build.0 = Debug|x86
		{868874F6-E983-444C-BC47-6BA3E89BD920}.Debug|x86.Deploy.0 = Debug|x86
		{868874F6-E983-444C-BC47-6BA3E89BD920}.Release|Any CPU.ActiveCfg = Release|x86
		{868874F6-E983-444C-BC47-6BA3E89BD920}.Release|ARM.ActiveCfg = Release|ARM
		{868874F6-E983-444C-BC47-6BA3E89BD920}.Release|ARM.Build.0 = Release|ARM
		{868874F6-E983-444C-BC47-6BA3E89BD920}.Release|ARM.Deploy.0 = Release|ARM
		{868874F6-E983-444C-BC47-6BA3E89BD920}.Release|ARM64.ActiveCfg = Release|ARM64
		{868874F6-E983-444C-BC47-6BA3E89BD920}.Release|ARM64.Build.0 = Release|ARM64
		{868874F6-E983-444C-BC47-6BA3E89BD920}.Release|ARM64.Deploy.0 = Release|ARM64
		{868874F6-E983-444C-BC47-6BA3E89BD920}.Release|iPhone.ActiveCfg = Release|x86
		{868874F6-E983-444C-BC47-6BA3E89BD920}.Release|iPhoneSimulator.ActiveCfg = Release|x86
		{868874F6-E983-444C-BC47-6BA3E89BD920}.Release|x64.ActiveCfg = Release|x64
		{868874F6-E983-444C-BC47-6BA3E89BD920}.Release|x64.Build.0 = Release|x64
		{868874F6-E983-444C-BC47-6BA3E89BD920}.Release|x64.Deploy.0 = Release|x64
		{868874F6-E983-444C-BC47-6BA3E89BD920}.Release|x86.ActiveCfg = Release|x86
		{868874F6-E983-444C-BC47-6BA3E89BD920}.Release|x86.Build.0 = Release|x86
		{868874F6-E983-444C-BC47-6BA3E89BD920}.Release|x86.Deploy.0 = Release|x86
		{7DB73BB7-70F9-40FC-80EE-304E5BC8650C}.Ad-Hoc|Any CPU.ActiveCfg = Debug|Any CPU
		{7DB73BB7-70F9-40FC-80EE-304E5BC8650C}.Ad-Hoc|Any CPU.Build.0 = Debug|Any CPU
		{7DB73BB7-70F9-40FC-80EE-304E5BC8650C}.Ad-Hoc|ARM.ActiveCfg = Debug|Any CPU
		{7DB73BB7-70F9-40FC-80EE-304E5BC8650C}.Ad-Hoc|ARM.Build.0 = Debug|Any CPU
		{7DB73BB7-70F9-40FC-80EE-304E5BC8650C}.Ad-Hoc|ARM64.ActiveCfg = Debug|Any CPU
		{7DB73BB7-70F9-40FC-80EE-304E5BC8650C}.Ad-Hoc|ARM64.Build.0 = Debug|Any CPU
		{7DB73BB7-70F9-40FC-80EE-304E5BC8650C}.Ad-Hoc|iPhone.ActiveCfg = Debug|Any CPU
		{7DB73BB7-70F9-40FC-80EE-304E5BC8650C}.Ad-Hoc|iPhone.Build.0 = Debug|Any CPU
		{7DB73BB7-70F9-40FC-80EE-304E5BC8650C}.Ad-Hoc|iPhoneSimulator.ActiveCfg = Debug|Any CPU
		{7DB73BB7-70F9-40FC-80EE-304E5BC8650C}.Ad-Hoc|iPhoneSimulator.Build.0 = Debug|Any CPU
		{7DB73BB7-70F9-40FC-80EE-304E5BC8650C}.Ad-Hoc|x64.ActiveCfg = Debug|Any CPU
		{7DB73BB7-70F9-40FC-80EE-304E5BC8650C}.Ad-Hoc|x64.Build.0 = Debug|Any CPU
		{7DB73BB7-70F9-40FC-80EE-304E5BC8650C}.Ad-Hoc|x86.ActiveCfg = Debug|Any CPU
		{7DB73BB7-70F9-40FC-80EE-304E5BC8650C}.Ad-Hoc|x86.Build.0 = Debug|Any CPU
		{7DB73BB7-70F9-40FC-80EE-304E5BC8650C}.AppStore|Any CPU.ActiveCfg = Debug|Any CPU
		{7DB73BB7-70F9-40FC-80EE-304E5BC8650C}.AppStore|Any CPU.Build.0 = Debug|Any CPU
		{7DB73BB7-70F9-40FC-80EE-304E5BC8650C}.AppStore|ARM.ActiveCfg = Debug|Any CPU
		{7DB73BB7-70F9-40FC-80EE-304E5BC8650C}.AppStore|ARM.Build.0 = Debug|Any CPU
		{7DB73BB7-70F9-40FC-80EE-304E5BC8650C}.AppStore|ARM64.ActiveCfg = Debug|Any CPU
		{7DB73BB7-70F9-40FC-80EE-304E5BC8650C}.AppStore|ARM64.Build.0 = Debug|Any CPU
		{7DB73BB7-70F9-40FC-80EE-304E5BC8650C}.AppStore|iPhone.ActiveCfg = Debug|Any CPU
		{7DB73BB7-70F9-40FC-80EE-304E5BC8650C}.AppStore|iPhone.Build.0 = Debug|Any CPU
		{7DB73BB7-70F9-40FC-80EE-304E5BC8650C}.AppStore|iPhoneSimulator.ActiveCfg = Debug|Any CPU
		{7DB73BB7-70F9-40FC-80EE-304E5BC8650C}.AppStore|iPhoneSimulator.Build.0 = Debug|Any CPU
		{7DB73BB7-70F9-40FC-80EE-304E5BC8650C}.AppStore|x64.ActiveCfg = Debug|Any CPU
		{7DB73BB7-70F9-40FC-80EE-304E5BC8650C}.AppStore|x64.Build.0 = Debug|Any CPU
		{7DB73BB7-70F9-40FC-80EE-304E5BC8650C}.AppStore|x86.ActiveCfg = Debug|Any CPU
		{7DB73BB7-70F9-40FC-80EE-304E5BC8650C}.AppStore|x86.Build.0 = Debug|Any CPU
		{7DB73BB7-70F9-40FC-80EE-304E5BC8650C}.Debug|Any CPU.ActiveCfg = Debug|Any CPU
		{7DB73BB7-70F9-40FC-80EE-304E5BC8650C}.Debug|Any CPU.Build.0 = Debug|Any CPU
		{7DB73BB7-70F9-40FC-80EE-304E5BC8650C}.Debug|ARM.ActiveCfg = Debug|Any CPU
		{7DB73BB7-70F9-40FC-80EE-304E5BC8650C}.Debug|ARM.Build.0 = Debug|Any CPU
		{7DB73BB7-70F9-40FC-80EE-304E5BC8650C}.Debug|ARM64.ActiveCfg = Debug|Any CPU
		{7DB73BB7-70F9-40FC-80EE-304E5BC8650C}.Debug|ARM64.Build.0 = Debug|Any CPU
		{7DB73BB7-70F9-40FC-80EE-304E5BC8650C}.Debug|iPhone.ActiveCfg = Debug|Any CPU
		{7DB73BB7-70F9-40FC-80EE-304E5BC8650C}.Debug|iPhone.Build.0 = Debug|Any CPU
		{7DB73BB7-70F9-40FC-80EE-304E5BC8650C}.Debug|iPhoneSimulator.ActiveCfg = Debug|Any CPU
		{7DB73BB7-70F9-40FC-80EE-304E5BC8650C}.Debug|iPhoneSimulator.Build.0 = Debug|Any CPU
		{7DB73BB7-70F9-40FC-80EE-304E5BC8650C}.Debug|x64.ActiveCfg = Debug|Any CPU
		{7DB73BB7-70F9-40FC-80EE-304E5BC8650C}.Debug|x64.Build.0 = Debug|Any CPU
		{7DB73BB7-70F9-40FC-80EE-304E5BC8650C}.Debug|x86.ActiveCfg = Debug|Any CPU
		{7DB73BB7-70F9-40FC-80EE-304E5BC8650C}.Debug|x86.Build.0 = Debug|Any CPU
		{7DB73BB7-70F9-40FC-80EE-304E5BC8650C}.Release|Any CPU.ActiveCfg = Release|Any CPU
		{7DB73BB7-70F9-40FC-80EE-304E5BC8650C}.Release|Any CPU.Build.0 = Release|Any CPU
		{7DB73BB7-70F9-40FC-80EE-304E5BC8650C}.Release|ARM.ActiveCfg = Release|Any CPU
		{7DB73BB7-70F9-40FC-80EE-304E5BC8650C}.Release|ARM.Build.0 = Release|Any CPU
		{7DB73BB7-70F9-40FC-80EE-304E5BC8650C}.Release|ARM64.ActiveCfg = Release|Any CPU
		{7DB73BB7-70F9-40FC-80EE-304E5BC8650C}.Release|ARM64.Build.0 = Release|Any CPU
		{7DB73BB7-70F9-40FC-80EE-304E5BC8650C}.Release|iPhone.ActiveCfg = Release|Any CPU
		{7DB73BB7-70F9-40FC-80EE-304E5BC8650C}.Release|iPhone.Build.0 = Release|Any CPU
		{7DB73BB7-70F9-40FC-80EE-304E5BC8650C}.Release|iPhoneSimulator.ActiveCfg = Release|Any CPU
		{7DB73BB7-70F9-40FC-80EE-304E5BC8650C}.Release|iPhoneSimulator.Build.0 = Release|Any CPU
		{7DB73BB7-70F9-40FC-80EE-304E5BC8650C}.Release|x64.ActiveCfg = Release|Any CPU
		{7DB73BB7-70F9-40FC-80EE-304E5BC8650C}.Release|x64.Build.0 = Release|Any CPU
		{7DB73BB7-70F9-40FC-80EE-304E5BC8650C}.Release|x86.ActiveCfg = Release|Any CPU
		{7DB73BB7-70F9-40FC-80EE-304E5BC8650C}.Release|x86.Build.0 = Release|Any CPU
		{F384A217-9A6F-4B80-BA49-E5D00C327F3A}.Ad-Hoc|Any CPU.ActiveCfg = Debug|iPhoneSimulator
		{F384A217-9A6F-4B80-BA49-E5D00C327F3A}.Ad-Hoc|Any CPU.Build.0 = Debug|iPhoneSimulator
		{F384A217-9A6F-4B80-BA49-E5D00C327F3A}.Ad-Hoc|ARM.ActiveCfg = Debug|iPhoneSimulator
		{F384A217-9A6F-4B80-BA49-E5D00C327F3A}.Ad-Hoc|ARM.Build.0 = Debug|iPhoneSimulator
		{F384A217-9A6F-4B80-BA49-E5D00C327F3A}.Ad-Hoc|ARM64.ActiveCfg = Debug|iPhoneSimulator
		{F384A217-9A6F-4B80-BA49-E5D00C327F3A}.Ad-Hoc|ARM64.Build.0 = Debug|iPhoneSimulator
		{F384A217-9A6F-4B80-BA49-E5D00C327F3A}.Ad-Hoc|iPhone.ActiveCfg = Debug|iPhoneSimulator
		{F384A217-9A6F-4B80-BA49-E5D00C327F3A}.Ad-Hoc|iPhone.Build.0 = Debug|iPhoneSimulator
		{F384A217-9A6F-4B80-BA49-E5D00C327F3A}.Ad-Hoc|iPhoneSimulator.ActiveCfg = Debug|iPhoneSimulator
		{F384A217-9A6F-4B80-BA49-E5D00C327F3A}.Ad-Hoc|iPhoneSimulator.Build.0 = Debug|iPhoneSimulator
		{F384A217-9A6F-4B80-BA49-E5D00C327F3A}.Ad-Hoc|x64.ActiveCfg = Debug|iPhoneSimulator
		{F384A217-9A6F-4B80-BA49-E5D00C327F3A}.Ad-Hoc|x64.Build.0 = Debug|iPhoneSimulator
		{F384A217-9A6F-4B80-BA49-E5D00C327F3A}.Ad-Hoc|x86.ActiveCfg = Debug|iPhoneSimulator
		{F384A217-9A6F-4B80-BA49-E5D00C327F3A}.Ad-Hoc|x86.Build.0 = Debug|iPhoneSimulator
		{F384A217-9A6F-4B80-BA49-E5D00C327F3A}.AppStore|Any CPU.ActiveCfg = Debug|iPhoneSimulator
		{F384A217-9A6F-4B80-BA49-E5D00C327F3A}.AppStore|Any CPU.Build.0 = Debug|iPhoneSimulator
		{F384A217-9A6F-4B80-BA49-E5D00C327F3A}.AppStore|ARM.ActiveCfg = Debug|iPhoneSimulator
		{F384A217-9A6F-4B80-BA49-E5D00C327F3A}.AppStore|ARM.Build.0 = Debug|iPhoneSimulator
		{F384A217-9A6F-4B80-BA49-E5D00C327F3A}.AppStore|ARM64.ActiveCfg = Debug|iPhoneSimulator
		{F384A217-9A6F-4B80-BA49-E5D00C327F3A}.AppStore|ARM64.Build.0 = Debug|iPhoneSimulator
		{F384A217-9A6F-4B80-BA49-E5D00C327F3A}.AppStore|iPhone.ActiveCfg = Debug|iPhoneSimulator
		{F384A217-9A6F-4B80-BA49-E5D00C327F3A}.AppStore|iPhone.Build.0 = Debug|iPhoneSimulator
		{F384A217-9A6F-4B80-BA49-E5D00C327F3A}.AppStore|iPhoneSimulator.ActiveCfg = Debug|iPhoneSimulator
		{F384A217-9A6F-4B80-BA49-E5D00C327F3A}.AppStore|iPhoneSimulator.Build.0 = Debug|iPhoneSimulator
		{F384A217-9A6F-4B80-BA49-E5D00C327F3A}.AppStore|x64.ActiveCfg = Debug|iPhoneSimulator
		{F384A217-9A6F-4B80-BA49-E5D00C327F3A}.AppStore|x64.Build.0 = Debug|iPhoneSimulator
		{F384A217-9A6F-4B80-BA49-E5D00C327F3A}.AppStore|x86.ActiveCfg = Debug|iPhoneSimulator
		{F384A217-9A6F-4B80-BA49-E5D00C327F3A}.AppStore|x86.Build.0 = Debug|iPhoneSimulator
		{F384A217-9A6F-4B80-BA49-E5D00C327F3A}.Debug|Any CPU.ActiveCfg = Debug|iPhoneSimulator
		{F384A217-9A6F-4B80-BA49-E5D00C327F3A}.Debug|ARM.ActiveCfg = Debug|iPhoneSimulator
		{F384A217-9A6F-4B80-BA49-E5D00C327F3A}.Debug|ARM64.ActiveCfg = Debug|iPhoneSimulator
		{F384A217-9A6F-4B80-BA49-E5D00C327F3A}.Debug|iPhone.ActiveCfg = Debug|iPhoneSimulator
		{F384A217-9A6F-4B80-BA49-E5D00C327F3A}.Debug|iPhoneSimulator.ActiveCfg = Debug|iPhoneSimulator
		{F384A217-9A6F-4B80-BA49-E5D00C327F3A}.Debug|iPhoneSimulator.Build.0 = Debug|iPhoneSimulator
		{F384A217-9A6F-4B80-BA49-E5D00C327F3A}.Debug|x64.ActiveCfg = Debug|iPhoneSimulator
		{F384A217-9A6F-4B80-BA49-E5D00C327F3A}.Debug|x86.ActiveCfg = Debug|iPhoneSimulator
		{F384A217-9A6F-4B80-BA49-E5D00C327F3A}.Release|Any CPU.ActiveCfg = Release|iPhoneSimulator
		{F384A217-9A6F-4B80-BA49-E5D00C327F3A}.Release|ARM.ActiveCfg = Release|iPhoneSimulator
		{F384A217-9A6F-4B80-BA49-E5D00C327F3A}.Release|ARM64.ActiveCfg = Release|iPhoneSimulator
		{F384A217-9A6F-4B80-BA49-E5D00C327F3A}.Release|iPhone.ActiveCfg = Release|iPhoneSimulator
		{F384A217-9A6F-4B80-BA49-E5D00C327F3A}.Release|iPhoneSimulator.ActiveCfg = Release|iPhoneSimulator
		{F384A217-9A6F-4B80-BA49-E5D00C327F3A}.Release|iPhoneSimulator.Build.0 = Release|iPhoneSimulator
		{F384A217-9A6F-4B80-BA49-E5D00C327F3A}.Release|x64.ActiveCfg = Release|iPhoneSimulator
		{F384A217-9A6F-4B80-BA49-E5D00C327F3A}.Release|x86.ActiveCfg = Release|iPhoneSimulator
		{7A1D0905-90B8-42B7-8AFE-F03639204B3A}.Ad-Hoc|Any CPU.ActiveCfg = Debug|Any CPU
		{7A1D0905-90B8-42B7-8AFE-F03639204B3A}.Ad-Hoc|Any CPU.Build.0 = Debug|Any CPU
		{7A1D0905-90B8-42B7-8AFE-F03639204B3A}.Ad-Hoc|ARM.ActiveCfg = Debug|Any CPU
		{7A1D0905-90B8-42B7-8AFE-F03639204B3A}.Ad-Hoc|ARM.Build.0 = Debug|Any CPU
		{7A1D0905-90B8-42B7-8AFE-F03639204B3A}.Ad-Hoc|ARM64.ActiveCfg = Debug|Any CPU
		{7A1D0905-90B8-42B7-8AFE-F03639204B3A}.Ad-Hoc|ARM64.Build.0 = Debug|Any CPU
		{7A1D0905-90B8-42B7-8AFE-F03639204B3A}.Ad-Hoc|iPhone.ActiveCfg = Debug|Any CPU
		{7A1D0905-90B8-42B7-8AFE-F03639204B3A}.Ad-Hoc|iPhone.Build.0 = Debug|Any CPU
		{7A1D0905-90B8-42B7-8AFE-F03639204B3A}.Ad-Hoc|iPhoneSimulator.ActiveCfg = Debug|Any CPU
		{7A1D0905-90B8-42B7-8AFE-F03639204B3A}.Ad-Hoc|iPhoneSimulator.Build.0 = Debug|Any CPU
		{7A1D0905-90B8-42B7-8AFE-F03639204B3A}.Ad-Hoc|x64.ActiveCfg = Debug|Any CPU
		{7A1D0905-90B8-42B7-8AFE-F03639204B3A}.Ad-Hoc|x64.Build.0 = Debug|Any CPU
		{7A1D0905-90B8-42B7-8AFE-F03639204B3A}.Ad-Hoc|x86.ActiveCfg = Debug|Any CPU
		{7A1D0905-90B8-42B7-8AFE-F03639204B3A}.Ad-Hoc|x86.Build.0 = Debug|Any CPU
		{7A1D0905-90B8-42B7-8AFE-F03639204B3A}.AppStore|Any CPU.ActiveCfg = Debug|Any CPU
		{7A1D0905-90B8-42B7-8AFE-F03639204B3A}.AppStore|Any CPU.Build.0 = Debug|Any CPU
		{7A1D0905-90B8-42B7-8AFE-F03639204B3A}.AppStore|ARM.ActiveCfg = Debug|Any CPU
		{7A1D0905-90B8-42B7-8AFE-F03639204B3A}.AppStore|ARM.Build.0 = Debug|Any CPU
		{7A1D0905-90B8-42B7-8AFE-F03639204B3A}.AppStore|ARM64.ActiveCfg = Debug|Any CPU
		{7A1D0905-90B8-42B7-8AFE-F03639204B3A}.AppStore|ARM64.Build.0 = Debug|Any CPU
		{7A1D0905-90B8-42B7-8AFE-F03639204B3A}.AppStore|iPhone.ActiveCfg = Debug|Any CPU
		{7A1D0905-90B8-42B7-8AFE-F03639204B3A}.AppStore|iPhone.Build.0 = Debug|Any CPU
		{7A1D0905-90B8-42B7-8AFE-F03639204B3A}.AppStore|iPhoneSimulator.ActiveCfg = Debug|Any CPU
		{7A1D0905-90B8-42B7-8AFE-F03639204B3A}.AppStore|iPhoneSimulator.Build.0 = Debug|Any CPU
		{7A1D0905-90B8-42B7-8AFE-F03639204B3A}.AppStore|x64.ActiveCfg = Debug|Any CPU
		{7A1D0905-90B8-42B7-8AFE-F03639204B3A}.AppStore|x64.Build.0 = Debug|Any CPU
		{7A1D0905-90B8-42B7-8AFE-F03639204B3A}.AppStore|x86.ActiveCfg = Debug|Any CPU
		{7A1D0905-90B8-42B7-8AFE-F03639204B3A}.AppStore|x86.Build.0 = Debug|Any CPU
		{7A1D0905-90B8-42B7-8AFE-F03639204B3A}.Debug|Any CPU.ActiveCfg = Debug|Any CPU
		{7A1D0905-90B8-42B7-8AFE-F03639204B3A}.Debug|Any CPU.Build.0 = Debug|Any CPU
		{7A1D0905-90B8-42B7-8AFE-F03639204B3A}.Debug|ARM.ActiveCfg = Debug|Any CPU
		{7A1D0905-90B8-42B7-8AFE-F03639204B3A}.Debug|ARM.Build.0 = Debug|Any CPU
		{7A1D0905-90B8-42B7-8AFE-F03639204B3A}.Debug|ARM64.ActiveCfg = Debug|Any CPU
		{7A1D0905-90B8-42B7-8AFE-F03639204B3A}.Debug|ARM64.Build.0 = Debug|Any CPU
		{7A1D0905-90B8-42B7-8AFE-F03639204B3A}.Debug|iPhone.ActiveCfg = Debug|Any CPU
		{7A1D0905-90B8-42B7-8AFE-F03639204B3A}.Debug|iPhone.Build.0 = Debug|Any CPU
		{7A1D0905-90B8-42B7-8AFE-F03639204B3A}.Debug|iPhoneSimulator.ActiveCfg = Debug|Any CPU
		{7A1D0905-90B8-42B7-8AFE-F03639204B3A}.Debug|iPhoneSimulator.Build.0 = Debug|Any CPU
		{7A1D0905-90B8-42B7-8AFE-F03639204B3A}.Debug|x64.ActiveCfg = Debug|Any CPU
		{7A1D0905-90B8-42B7-8AFE-F03639204B3A}.Debug|x64.Build.0 = Debug|Any CPU
		{7A1D0905-90B8-42B7-8AFE-F03639204B3A}.Debug|x86.ActiveCfg = Debug|Any CPU
		{7A1D0905-90B8-42B7-8AFE-F03639204B3A}.Debug|x86.Build.0 = Debug|Any CPU
		{7A1D0905-90B8-42B7-8AFE-F03639204B3A}.Release|Any CPU.ActiveCfg = Release|Any CPU
		{7A1D0905-90B8-42B7-8AFE-F03639204B3A}.Release|Any CPU.Build.0 = Release|Any CPU
		{7A1D0905-90B8-42B7-8AFE-F03639204B3A}.Release|ARM.ActiveCfg = Release|Any CPU
		{7A1D0905-90B8-42B7-8AFE-F03639204B3A}.Release|ARM.Build.0 = Release|Any CPU
		{7A1D0905-90B8-42B7-8AFE-F03639204B3A}.Release|ARM64.ActiveCfg = Release|Any CPU
		{7A1D0905-90B8-42B7-8AFE-F03639204B3A}.Release|ARM64.Build.0 = Release|Any CPU
		{7A1D0905-90B8-42B7-8AFE-F03639204B3A}.Release|iPhone.ActiveCfg = Release|Any CPU
		{7A1D0905-90B8-42B7-8AFE-F03639204B3A}.Release|iPhone.Build.0 = Release|Any CPU
		{7A1D0905-90B8-42B7-8AFE-F03639204B3A}.Release|iPhoneSimulator.ActiveCfg = Release|Any CPU
		{7A1D0905-90B8-42B7-8AFE-F03639204B3A}.Release|iPhoneSimulator.Build.0 = Release|Any CPU
		{7A1D0905-90B8-42B7-8AFE-F03639204B3A}.Release|x64.ActiveCfg = Release|Any CPU
		{7A1D0905-90B8-42B7-8AFE-F03639204B3A}.Release|x64.Build.0 = Release|Any CPU
		{7A1D0905-90B8-42B7-8AFE-F03639204B3A}.Release|x86.ActiveCfg = Release|Any CPU
		{7A1D0905-90B8-42B7-8AFE-F03639204B3A}.Release|x86.Build.0 = Release|Any CPU
		{0FC42AC1-A391-4040-AAD4-0C545816FDC4}.Ad-Hoc|Any CPU.ActiveCfg = Debug|Any CPU
		{0FC42AC1-A391-4040-AAD4-0C545816FDC4}.Ad-Hoc|Any CPU.Build.0 = Debug|Any CPU
		{0FC42AC1-A391-4040-AAD4-0C545816FDC4}.Ad-Hoc|ARM.ActiveCfg = Debug|Any CPU
		{0FC42AC1-A391-4040-AAD4-0C545816FDC4}.Ad-Hoc|ARM.Build.0 = Debug|Any CPU
		{0FC42AC1-A391-4040-AAD4-0C545816FDC4}.Ad-Hoc|ARM64.ActiveCfg = Debug|Any CPU
		{0FC42AC1-A391-4040-AAD4-0C545816FDC4}.Ad-Hoc|ARM64.Build.0 = Debug|Any CPU
		{0FC42AC1-A391-4040-AAD4-0C545816FDC4}.Ad-Hoc|iPhone.ActiveCfg = Debug|Any CPU
		{0FC42AC1-A391-4040-AAD4-0C545816FDC4}.Ad-Hoc|iPhone.Build.0 = Debug|Any CPU
		{0FC42AC1-A391-4040-AAD4-0C545816FDC4}.Ad-Hoc|iPhoneSimulator.ActiveCfg = Debug|Any CPU
		{0FC42AC1-A391-4040-AAD4-0C545816FDC4}.Ad-Hoc|iPhoneSimulator.Build.0 = Debug|Any CPU
		{0FC42AC1-A391-4040-AAD4-0C545816FDC4}.Ad-Hoc|x64.ActiveCfg = Debug|Any CPU
		{0FC42AC1-A391-4040-AAD4-0C545816FDC4}.Ad-Hoc|x64.Build.0 = Debug|Any CPU
		{0FC42AC1-A391-4040-AAD4-0C545816FDC4}.Ad-Hoc|x86.ActiveCfg = Debug|Any CPU
		{0FC42AC1-A391-4040-AAD4-0C545816FDC4}.Ad-Hoc|x86.Build.0 = Debug|Any CPU
		{0FC42AC1-A391-4040-AAD4-0C545816FDC4}.AppStore|Any CPU.ActiveCfg = Debug|Any CPU
		{0FC42AC1-A391-4040-AAD4-0C545816FDC4}.AppStore|Any CPU.Build.0 = Debug|Any CPU
		{0FC42AC1-A391-4040-AAD4-0C545816FDC4}.AppStore|ARM.ActiveCfg = Debug|Any CPU
		{0FC42AC1-A391-4040-AAD4-0C545816FDC4}.AppStore|ARM.Build.0 = Debug|Any CPU
		{0FC42AC1-A391-4040-AAD4-0C545816FDC4}.AppStore|ARM64.ActiveCfg = Debug|Any CPU
		{0FC42AC1-A391-4040-AAD4-0C545816FDC4}.AppStore|ARM64.Build.0 = Debug|Any CPU
		{0FC42AC1-A391-4040-AAD4-0C545816FDC4}.AppStore|iPhone.ActiveCfg = Debug|Any CPU
		{0FC42AC1-A391-4040-AAD4-0C545816FDC4}.AppStore|iPhone.Build.0 = Debug|Any CPU
		{0FC42AC1-A391-4040-AAD4-0C545816FDC4}.AppStore|iPhoneSimulator.ActiveCfg = Debug|Any CPU
		{0FC42AC1-A391-4040-AAD4-0C545816FDC4}.AppStore|iPhoneSimulator.Build.0 = Debug|Any CPU
		{0FC42AC1-A391-4040-AAD4-0C545816FDC4}.AppStore|x64.ActiveCfg = Debug|Any CPU
		{0FC42AC1-A391-4040-AAD4-0C545816FDC4}.AppStore|x64.Build.0 = Debug|Any CPU
		{0FC42AC1-A391-4040-AAD4-0C545816FDC4}.AppStore|x86.ActiveCfg = Debug|Any CPU
		{0FC42AC1-A391-4040-AAD4-0C545816FDC4}.AppStore|x86.Build.0 = Debug|Any CPU
		{0FC42AC1-A391-4040-AAD4-0C545816FDC4}.Debug|Any CPU.ActiveCfg = Debug|Any CPU
		{0FC42AC1-A391-4040-AAD4-0C545816FDC4}.Debug|Any CPU.Build.0 = Debug|Any CPU
		{0FC42AC1-A391-4040-AAD4-0C545816FDC4}.Debug|ARM.ActiveCfg = Debug|Any CPU
		{0FC42AC1-A391-4040-AAD4-0C545816FDC4}.Debug|ARM.Build.0 = Debug|Any CPU
		{0FC42AC1-A391-4040-AAD4-0C545816FDC4}.Debug|ARM64.ActiveCfg = Debug|Any CPU
		{0FC42AC1-A391-4040-AAD4-0C545816FDC4}.Debug|ARM64.Build.0 = Debug|Any CPU
		{0FC42AC1-A391-4040-AAD4-0C545816FDC4}.Debug|iPhone.ActiveCfg = Debug|Any CPU
		{0FC42AC1-A391-4040-AAD4-0C545816FDC4}.Debug|iPhone.Build.0 = Debug|Any CPU
		{0FC42AC1-A391-4040-AAD4-0C545816FDC4}.Debug|iPhoneSimulator.ActiveCfg = Debug|Any CPU
		{0FC42AC1-A391-4040-AAD4-0C545816FDC4}.Debug|iPhoneSimulator.Build.0 = Debug|Any CPU
		{0FC42AC1-A391-4040-AAD4-0C545816FDC4}.Debug|x64.ActiveCfg = Debug|Any CPU
		{0FC42AC1-A391-4040-AAD4-0C545816FDC4}.Debug|x64.Build.0 = Debug|Any CPU
		{0FC42AC1-A391-4040-AAD4-0C545816FDC4}.Debug|x86.ActiveCfg = Debug|Any CPU
		{0FC42AC1-A391-4040-AAD4-0C545816FDC4}.Debug|x86.Build.0 = Debug|Any CPU
		{0FC42AC1-A391-4040-AAD4-0C545816FDC4}.Release|Any CPU.ActiveCfg = Release|Any CPU
		{0FC42AC1-A391-4040-AAD4-0C545816FDC4}.Release|Any CPU.Build.0 = Release|Any CPU
		{0FC42AC1-A391-4040-AAD4-0C545816FDC4}.Release|ARM.ActiveCfg = Release|Any CPU
		{0FC42AC1-A391-4040-AAD4-0C545816FDC4}.Release|ARM.Build.0 = Release|Any CPU
		{0FC42AC1-A391-4040-AAD4-0C545816FDC4}.Release|ARM64.ActiveCfg = Release|Any CPU
		{0FC42AC1-A391-4040-AAD4-0C545816FDC4}.Release|ARM64.Build.0 = Release|Any CPU
		{0FC42AC1-A391-4040-AAD4-0C545816FDC4}.Release|iPhone.ActiveCfg = Release|Any CPU
		{0FC42AC1-A391-4040-AAD4-0C545816FDC4}.Release|iPhone.Build.0 = Release|Any CPU
		{0FC42AC1-A391-4040-AAD4-0C545816FDC4}.Release|iPhoneSimulator.ActiveCfg = Release|Any CPU
		{0FC42AC1-A391-4040-AAD4-0C545816FDC4}.Release|iPhoneSimulator.Build.0 = Release|Any CPU
		{0FC42AC1-A391-4040-AAD4-0C545816FDC4}.Release|x64.ActiveCfg = Release|Any CPU
		{0FC42AC1-A391-4040-AAD4-0C545816FDC4}.Release|x64.Build.0 = Release|Any CPU
		{0FC42AC1-A391-4040-AAD4-0C545816FDC4}.Release|x86.ActiveCfg = Release|Any CPU
		{0FC42AC1-A391-4040-AAD4-0C545816FDC4}.Release|x86.Build.0 = Release|Any CPU
		{7EC373BA-D701-4C39-9970-CBC58ADBD550}.Ad-Hoc|Any CPU.ActiveCfg = Debug|Any CPU
		{7EC373BA-D701-4C39-9970-CBC58ADBD550}.Ad-Hoc|Any CPU.Build.0 = Debug|Any CPU
		{7EC373BA-D701-4C39-9970-CBC58ADBD550}.Ad-Hoc|ARM.ActiveCfg = Debug|Any CPU
		{7EC373BA-D701-4C39-9970-CBC58ADBD550}.Ad-Hoc|ARM.Build.0 = Debug|Any CPU
		{7EC373BA-D701-4C39-9970-CBC58ADBD550}.Ad-Hoc|ARM64.ActiveCfg = Debug|Any CPU
		{7EC373BA-D701-4C39-9970-CBC58ADBD550}.Ad-Hoc|ARM64.Build.0 = Debug|Any CPU
		{7EC373BA-D701-4C39-9970-CBC58ADBD550}.Ad-Hoc|iPhone.ActiveCfg = Debug|Any CPU
		{7EC373BA-D701-4C39-9970-CBC58ADBD550}.Ad-Hoc|iPhone.Build.0 = Debug|Any CPU
		{7EC373BA-D701-4C39-9970-CBC58ADBD550}.Ad-Hoc|iPhoneSimulator.ActiveCfg = Debug|Any CPU
		{7EC373BA-D701-4C39-9970-CBC58ADBD550}.Ad-Hoc|iPhoneSimulator.Build.0 = Debug|Any CPU
		{7EC373BA-D701-4C39-9970-CBC58ADBD550}.Ad-Hoc|x64.ActiveCfg = Debug|Any CPU
		{7EC373BA-D701-4C39-9970-CBC58ADBD550}.Ad-Hoc|x64.Build.0 = Debug|Any CPU
		{7EC373BA-D701-4C39-9970-CBC58ADBD550}.Ad-Hoc|x86.ActiveCfg = Debug|Any CPU
		{7EC373BA-D701-4C39-9970-CBC58ADBD550}.Ad-Hoc|x86.Build.0 = Debug|Any CPU
		{7EC373BA-D701-4C39-9970-CBC58ADBD550}.AppStore|Any CPU.ActiveCfg = Debug|Any CPU
		{7EC373BA-D701-4C39-9970-CBC58ADBD550}.AppStore|Any CPU.Build.0 = Debug|Any CPU
		{7EC373BA-D701-4C39-9970-CBC58ADBD550}.AppStore|ARM.ActiveCfg = Debug|Any CPU
		{7EC373BA-D701-4C39-9970-CBC58ADBD550}.AppStore|ARM.Build.0 = Debug|Any CPU
		{7EC373BA-D701-4C39-9970-CBC58ADBD550}.AppStore|ARM64.ActiveCfg = Debug|Any CPU
		{7EC373BA-D701-4C39-9970-CBC58ADBD550}.AppStore|ARM64.Build.0 = Debug|Any CPU
		{7EC373BA-D701-4C39-9970-CBC58ADBD550}.AppStore|iPhone.ActiveCfg = Debug|Any CPU
		{7EC373BA-D701-4C39-9970-CBC58ADBD550}.AppStore|iPhone.Build.0 = Debug|Any CPU
		{7EC373BA-D701-4C39-9970-CBC58ADBD550}.AppStore|iPhoneSimulator.ActiveCfg = Debug|Any CPU
		{7EC373BA-D701-4C39-9970-CBC58ADBD550}.AppStore|iPhoneSimulator.Build.0 = Debug|Any CPU
		{7EC373BA-D701-4C39-9970-CBC58ADBD550}.AppStore|x64.ActiveCfg = Debug|Any CPU
		{7EC373BA-D701-4C39-9970-CBC58ADBD550}.AppStore|x64.Build.0 = Debug|Any CPU
		{7EC373BA-D701-4C39-9970-CBC58ADBD550}.AppStore|x86.ActiveCfg = Debug|Any CPU
		{7EC373BA-D701-4C39-9970-CBC58ADBD550}.AppStore|x86.Build.0 = Debug|Any CPU
		{7EC373BA-D701-4C39-9970-CBC58ADBD550}.Debug|Any CPU.ActiveCfg = Debug|Any CPU
		{7EC373BA-D701-4C39-9970-CBC58ADBD550}.Debug|Any CPU.Build.0 = Debug|Any CPU
		{7EC373BA-D701-4C39-9970-CBC58ADBD550}.Debug|ARM.ActiveCfg = Debug|Any CPU
		{7EC373BA-D701-4C39-9970-CBC58ADBD550}.Debug|ARM.Build.0 = Debug|Any CPU
		{7EC373BA-D701-4C39-9970-CBC58ADBD550}.Debug|ARM64.ActiveCfg = Debug|Any CPU
		{7EC373BA-D701-4C39-9970-CBC58ADBD550}.Debug|ARM64.Build.0 = Debug|Any CPU
		{7EC373BA-D701-4C39-9970-CBC58ADBD550}.Debug|iPhone.ActiveCfg = Debug|Any CPU
		{7EC373BA-D701-4C39-9970-CBC58ADBD550}.Debug|iPhone.Build.0 = Debug|Any CPU
		{7EC373BA-D701-4C39-9970-CBC58ADBD550}.Debug|iPhoneSimulator.ActiveCfg = Debug|Any CPU
		{7EC373BA-D701-4C39-9970-CBC58ADBD550}.Debug|iPhoneSimulator.Build.0 = Debug|Any CPU
		{7EC373BA-D701-4C39-9970-CBC58ADBD550}.Debug|x64.ActiveCfg = Debug|Any CPU
		{7EC373BA-D701-4C39-9970-CBC58ADBD550}.Debug|x64.Build.0 = Debug|Any CPU
		{7EC373BA-D701-4C39-9970-CBC58ADBD550}.Debug|x86.ActiveCfg = Debug|Any CPU
		{7EC373BA-D701-4C39-9970-CBC58ADBD550}.Debug|x86.Build.0 = Debug|Any CPU
		{7EC373BA-D701-4C39-9970-CBC58ADBD550}.Release|Any CPU.ActiveCfg = Release|Any CPU
		{7EC373BA-D701-4C39-9970-CBC58ADBD550}.Release|Any CPU.Build.0 = Release|Any CPU
		{7EC373BA-D701-4C39-9970-CBC58ADBD550}.Release|ARM.ActiveCfg = Release|Any CPU
		{7EC373BA-D701-4C39-9970-CBC58ADBD550}.Release|ARM.Build.0 = Release|Any CPU
		{7EC373BA-D701-4C39-9970-CBC58ADBD550}.Release|ARM64.ActiveCfg = Release|Any CPU
		{7EC373BA-D701-4C39-9970-CBC58ADBD550}.Release|ARM64.Build.0 = Release|Any CPU
		{7EC373BA-D701-4C39-9970-CBC58ADBD550}.Release|iPhone.ActiveCfg = Release|Any CPU
		{7EC373BA-D701-4C39-9970-CBC58ADBD550}.Release|iPhone.Build.0 = Release|Any CPU
		{7EC373BA-D701-4C39-9970-CBC58ADBD550}.Release|iPhoneSimulator.ActiveCfg = Release|Any CPU
		{7EC373BA-D701-4C39-9970-CBC58ADBD550}.Release|iPhoneSimulator.Build.0 = Release|Any CPU
		{7EC373BA-D701-4C39-9970-CBC58ADBD550}.Release|x64.ActiveCfg = Release|Any CPU
		{7EC373BA-D701-4C39-9970-CBC58ADBD550}.Release|x64.Build.0 = Release|Any CPU
		{7EC373BA-D701-4C39-9970-CBC58ADBD550}.Release|x86.ActiveCfg = Release|Any CPU
		{7EC373BA-D701-4C39-9970-CBC58ADBD550}.Release|x86.Build.0 = Release|Any CPU
		{D6492C19-EC6A-4250-9B85-0F4EB9064296}.Ad-Hoc|Any CPU.ActiveCfg = Debug|Any CPU
		{D6492C19-EC6A-4250-9B85-0F4EB9064296}.Ad-Hoc|Any CPU.Build.0 = Debug|Any CPU
		{D6492C19-EC6A-4250-9B85-0F4EB9064296}.Ad-Hoc|ARM.ActiveCfg = Debug|Any CPU
		{D6492C19-EC6A-4250-9B85-0F4EB9064296}.Ad-Hoc|ARM.Build.0 = Debug|Any CPU
		{D6492C19-EC6A-4250-9B85-0F4EB9064296}.Ad-Hoc|ARM64.ActiveCfg = Debug|Any CPU
		{D6492C19-EC6A-4250-9B85-0F4EB9064296}.Ad-Hoc|ARM64.Build.0 = Debug|Any CPU
		{D6492C19-EC6A-4250-9B85-0F4EB9064296}.Ad-Hoc|iPhone.ActiveCfg = Debug|Any CPU
		{D6492C19-EC6A-4250-9B85-0F4EB9064296}.Ad-Hoc|iPhone.Build.0 = Debug|Any CPU
		{D6492C19-EC6A-4250-9B85-0F4EB9064296}.Ad-Hoc|iPhoneSimulator.ActiveCfg = Debug|Any CPU
		{D6492C19-EC6A-4250-9B85-0F4EB9064296}.Ad-Hoc|iPhoneSimulator.Build.0 = Debug|Any CPU
		{D6492C19-EC6A-4250-9B85-0F4EB9064296}.Ad-Hoc|x64.ActiveCfg = Debug|Any CPU
		{D6492C19-EC6A-4250-9B85-0F4EB9064296}.Ad-Hoc|x64.Build.0 = Debug|Any CPU
		{D6492C19-EC6A-4250-9B85-0F4EB9064296}.Ad-Hoc|x86.ActiveCfg = Debug|Any CPU
		{D6492C19-EC6A-4250-9B85-0F4EB9064296}.Ad-Hoc|x86.Build.0 = Debug|Any CPU
		{D6492C19-EC6A-4250-9B85-0F4EB9064296}.AppStore|Any CPU.ActiveCfg = Debug|Any CPU
		{D6492C19-EC6A-4250-9B85-0F4EB9064296}.AppStore|Any CPU.Build.0 = Debug|Any CPU
		{D6492C19-EC6A-4250-9B85-0F4EB9064296}.AppStore|ARM.ActiveCfg = Debug|Any CPU
		{D6492C19-EC6A-4250-9B85-0F4EB9064296}.AppStore|ARM.Build.0 = Debug|Any CPU
		{D6492C19-EC6A-4250-9B85-0F4EB9064296}.AppStore|ARM64.ActiveCfg = Debug|Any CPU
		{D6492C19-EC6A-4250-9B85-0F4EB9064296}.AppStore|ARM64.Build.0 = Debug|Any CPU
		{D6492C19-EC6A-4250-9B85-0F4EB9064296}.AppStore|iPhone.ActiveCfg = Debug|Any CPU
		{D6492C19-EC6A-4250-9B85-0F4EB9064296}.AppStore|iPhone.Build.0 = Debug|Any CPU
		{D6492C19-EC6A-4250-9B85-0F4EB9064296}.AppStore|iPhoneSimulator.ActiveCfg = Debug|Any CPU
		{D6492C19-EC6A-4250-9B85-0F4EB9064296}.AppStore|iPhoneSimulator.Build.0 = Debug|Any CPU
		{D6492C19-EC6A-4250-9B85-0F4EB9064296}.AppStore|x64.ActiveCfg = Debug|Any CPU
		{D6492C19-EC6A-4250-9B85-0F4EB9064296}.AppStore|x64.Build.0 = Debug|Any CPU
		{D6492C19-EC6A-4250-9B85-0F4EB9064296}.AppStore|x86.ActiveCfg = Debug|Any CPU
		{D6492C19-EC6A-4250-9B85-0F4EB9064296}.AppStore|x86.Build.0 = Debug|Any CPU
		{D6492C19-EC6A-4250-9B85-0F4EB9064296}.Debug|Any CPU.ActiveCfg = Debug|Any CPU
		{D6492C19-EC6A-4250-9B85-0F4EB9064296}.Debug|Any CPU.Build.0 = Debug|Any CPU
		{D6492C19-EC6A-4250-9B85-0F4EB9064296}.Debug|ARM.ActiveCfg = Debug|Any CPU
		{D6492C19-EC6A-4250-9B85-0F4EB9064296}.Debug|ARM.Build.0 = Debug|Any CPU
		{D6492C19-EC6A-4250-9B85-0F4EB9064296}.Debug|ARM64.ActiveCfg = Debug|Any CPU
		{D6492C19-EC6A-4250-9B85-0F4EB9064296}.Debug|ARM64.Build.0 = Debug|Any CPU
		{D6492C19-EC6A-4250-9B85-0F4EB9064296}.Debug|iPhone.ActiveCfg = Debug|Any CPU
		{D6492C19-EC6A-4250-9B85-0F4EB9064296}.Debug|iPhone.Build.0 = Debug|Any CPU
		{D6492C19-EC6A-4250-9B85-0F4EB9064296}.Debug|iPhoneSimulator.ActiveCfg = Debug|Any CPU
		{D6492C19-EC6A-4250-9B85-0F4EB9064296}.Debug|iPhoneSimulator.Build.0 = Debug|Any CPU
		{D6492C19-EC6A-4250-9B85-0F4EB9064296}.Debug|x64.ActiveCfg = Debug|Any CPU
		{D6492C19-EC6A-4250-9B85-0F4EB9064296}.Debug|x64.Build.0 = Debug|Any CPU
		{D6492C19-EC6A-4250-9B85-0F4EB9064296}.Debug|x86.ActiveCfg = Debug|Any CPU
		{D6492C19-EC6A-4250-9B85-0F4EB9064296}.Debug|x86.Build.0 = Debug|Any CPU
		{D6492C19-EC6A-4250-9B85-0F4EB9064296}.Release|Any CPU.ActiveCfg = Release|Any CPU
		{D6492C19-EC6A-4250-9B85-0F4EB9064296}.Release|Any CPU.Build.0 = Release|Any CPU
		{D6492C19-EC6A-4250-9B85-0F4EB9064296}.Release|ARM.ActiveCfg = Release|Any CPU
		{D6492C19-EC6A-4250-9B85-0F4EB9064296}.Release|ARM.Build.0 = Release|Any CPU
		{D6492C19-EC6A-4250-9B85-0F4EB9064296}.Release|ARM64.ActiveCfg = Release|Any CPU
		{D6492C19-EC6A-4250-9B85-0F4EB9064296}.Release|ARM64.Build.0 = Release|Any CPU
		{D6492C19-EC6A-4250-9B85-0F4EB9064296}.Release|iPhone.ActiveCfg = Release|Any CPU
		{D6492C19-EC6A-4250-9B85-0F4EB9064296}.Release|iPhone.Build.0 = Release|Any CPU
		{D6492C19-EC6A-4250-9B85-0F4EB9064296}.Release|iPhoneSimulator.ActiveCfg = Release|Any CPU
		{D6492C19-EC6A-4250-9B85-0F4EB9064296}.Release|iPhoneSimulator.Build.0 = Release|Any CPU
		{D6492C19-EC6A-4250-9B85-0F4EB9064296}.Release|x64.ActiveCfg = Release|Any CPU
		{D6492C19-EC6A-4250-9B85-0F4EB9064296}.Release|x64.Build.0 = Release|Any CPU
		{D6492C19-EC6A-4250-9B85-0F4EB9064296}.Release|x86.ActiveCfg = Release|Any CPU
		{D6492C19-EC6A-4250-9B85-0F4EB9064296}.Release|x86.Build.0 = Release|Any CPU
		{E7813A0B-298D-42DF-AECB-7458BCDC84DC}.Ad-Hoc|Any CPU.ActiveCfg = Debug|Any CPU
		{E7813A0B-298D-42DF-AECB-7458BCDC84DC}.Ad-Hoc|Any CPU.Build.0 = Debug|Any CPU
		{E7813A0B-298D-42DF-AECB-7458BCDC84DC}.Ad-Hoc|ARM.ActiveCfg = Debug|Any CPU
		{E7813A0B-298D-42DF-AECB-7458BCDC84DC}.Ad-Hoc|ARM.Build.0 = Debug|Any CPU
		{E7813A0B-298D-42DF-AECB-7458BCDC84DC}.Ad-Hoc|ARM64.ActiveCfg = Debug|Any CPU
		{E7813A0B-298D-42DF-AECB-7458BCDC84DC}.Ad-Hoc|ARM64.Build.0 = Debug|Any CPU
		{E7813A0B-298D-42DF-AECB-7458BCDC84DC}.Ad-Hoc|iPhone.ActiveCfg = Debug|Any CPU
		{E7813A0B-298D-42DF-AECB-7458BCDC84DC}.Ad-Hoc|iPhone.Build.0 = Debug|Any CPU
		{E7813A0B-298D-42DF-AECB-7458BCDC84DC}.Ad-Hoc|iPhoneSimulator.ActiveCfg = Debug|Any CPU
		{E7813A0B-298D-42DF-AECB-7458BCDC84DC}.Ad-Hoc|iPhoneSimulator.Build.0 = Debug|Any CPU
		{E7813A0B-298D-42DF-AECB-7458BCDC84DC}.Ad-Hoc|x64.ActiveCfg = Debug|Any CPU
		{E7813A0B-298D-42DF-AECB-7458BCDC84DC}.Ad-Hoc|x64.Build.0 = Debug|Any CPU
		{E7813A0B-298D-42DF-AECB-7458BCDC84DC}.Ad-Hoc|x86.ActiveCfg = Debug|Any CPU
		{E7813A0B-298D-42DF-AECB-7458BCDC84DC}.Ad-Hoc|x86.Build.0 = Debug|Any CPU
		{E7813A0B-298D-42DF-AECB-7458BCDC84DC}.AppStore|Any CPU.ActiveCfg = Debug|Any CPU
		{E7813A0B-298D-42DF-AECB-7458BCDC84DC}.AppStore|Any CPU.Build.0 = Debug|Any CPU
		{E7813A0B-298D-42DF-AECB-7458BCDC84DC}.AppStore|ARM.ActiveCfg = Debug|Any CPU
		{E7813A0B-298D-42DF-AECB-7458BCDC84DC}.AppStore|ARM.Build.0 = Debug|Any CPU
		{E7813A0B-298D-42DF-AECB-7458BCDC84DC}.AppStore|ARM64.ActiveCfg = Debug|Any CPU
		{E7813A0B-298D-42DF-AECB-7458BCDC84DC}.AppStore|ARM64.Build.0 = Debug|Any CPU
		{E7813A0B-298D-42DF-AECB-7458BCDC84DC}.AppStore|iPhone.ActiveCfg = Debug|Any CPU
		{E7813A0B-298D-42DF-AECB-7458BCDC84DC}.AppStore|iPhone.Build.0 = Debug|Any CPU
		{E7813A0B-298D-42DF-AECB-7458BCDC84DC}.AppStore|iPhoneSimulator.ActiveCfg = Debug|Any CPU
		{E7813A0B-298D-42DF-AECB-7458BCDC84DC}.AppStore|iPhoneSimulator.Build.0 = Debug|Any CPU
		{E7813A0B-298D-42DF-AECB-7458BCDC84DC}.AppStore|x64.ActiveCfg = Debug|Any CPU
		{E7813A0B-298D-42DF-AECB-7458BCDC84DC}.AppStore|x64.Build.0 = Debug|Any CPU
		{E7813A0B-298D-42DF-AECB-7458BCDC84DC}.AppStore|x86.ActiveCfg = Debug|Any CPU
		{E7813A0B-298D-42DF-AECB-7458BCDC84DC}.AppStore|x86.Build.0 = Debug|Any CPU
		{E7813A0B-298D-42DF-AECB-7458BCDC84DC}.Debug|Any CPU.ActiveCfg = Debug|Any CPU
		{E7813A0B-298D-42DF-AECB-7458BCDC84DC}.Debug|Any CPU.Build.0 = Debug|Any CPU
		{E7813A0B-298D-42DF-AECB-7458BCDC84DC}.Debug|ARM.ActiveCfg = Debug|Any CPU
		{E7813A0B-298D-42DF-AECB-7458BCDC84DC}.Debug|ARM.Build.0 = Debug|Any CPU
		{E7813A0B-298D-42DF-AECB-7458BCDC84DC}.Debug|ARM64.ActiveCfg = Debug|Any CPU
		{E7813A0B-298D-42DF-AECB-7458BCDC84DC}.Debug|ARM64.Build.0 = Debug|Any CPU
		{E7813A0B-298D-42DF-AECB-7458BCDC84DC}.Debug|iPhone.ActiveCfg = Debug|Any CPU
		{E7813A0B-298D-42DF-AECB-7458BCDC84DC}.Debug|iPhone.Build.0 = Debug|Any CPU
		{E7813A0B-298D-42DF-AECB-7458BCDC84DC}.Debug|iPhoneSimulator.ActiveCfg = Debug|Any CPU
		{E7813A0B-298D-42DF-AECB-7458BCDC84DC}.Debug|iPhoneSimulator.Build.0 = Debug|Any CPU
		{E7813A0B-298D-42DF-AECB-7458BCDC84DC}.Debug|x64.ActiveCfg = Debug|Any CPU
		{E7813A0B-298D-42DF-AECB-7458BCDC84DC}.Debug|x64.Build.0 = Debug|Any CPU
		{E7813A0B-298D-42DF-AECB-7458BCDC84DC}.Debug|x86.ActiveCfg = Debug|Any CPU
		{E7813A0B-298D-42DF-AECB-7458BCDC84DC}.Debug|x86.Build.0 = Debug|Any CPU
		{E7813A0B-298D-42DF-AECB-7458BCDC84DC}.Release|Any CPU.ActiveCfg = Release|Any CPU
		{E7813A0B-298D-42DF-AECB-7458BCDC84DC}.Release|Any CPU.Build.0 = Release|Any CPU
		{E7813A0B-298D-42DF-AECB-7458BCDC84DC}.Release|ARM.ActiveCfg = Release|Any CPU
		{E7813A0B-298D-42DF-AECB-7458BCDC84DC}.Release|ARM.Build.0 = Release|Any CPU
		{E7813A0B-298D-42DF-AECB-7458BCDC84DC}.Release|ARM64.ActiveCfg = Release|Any CPU
		{E7813A0B-298D-42DF-AECB-7458BCDC84DC}.Release|ARM64.Build.0 = Release|Any CPU
		{E7813A0B-298D-42DF-AECB-7458BCDC84DC}.Release|iPhone.ActiveCfg = Release|Any CPU
		{E7813A0B-298D-42DF-AECB-7458BCDC84DC}.Release|iPhone.Build.0 = Release|Any CPU
		{E7813A0B-298D-42DF-AECB-7458BCDC84DC}.Release|iPhoneSimulator.ActiveCfg = Release|Any CPU
		{E7813A0B-298D-42DF-AECB-7458BCDC84DC}.Release|iPhoneSimulator.Build.0 = Release|Any CPU
		{E7813A0B-298D-42DF-AECB-7458BCDC84DC}.Release|x64.ActiveCfg = Release|Any CPU
		{E7813A0B-298D-42DF-AECB-7458BCDC84DC}.Release|x64.Build.0 = Release|Any CPU
		{E7813A0B-298D-42DF-AECB-7458BCDC84DC}.Release|x86.ActiveCfg = Release|Any CPU
		{E7813A0B-298D-42DF-AECB-7458BCDC84DC}.Release|x86.Build.0 = Release|Any CPU
	EndGlobalSection
	GlobalSection(SolutionProperties) = preSolution
		HideSolutionNode = FALSE
	EndGlobalSection
	GlobalSection(NestedProjects) = preSolution
		{B1C188C9-8741-4FCE-BD87-2355970D2EC2} = {FF582F57-C0A7-4912-BF1E-91ECFD4D53E8}
		{7A9330F0-7367-438C-B22F-42D24E47C86A} = {FF582F57-C0A7-4912-BF1E-91ECFD4D53E8}
		{868874F6-E983-444C-BC47-6BA3E89BD920} = {FF582F57-C0A7-4912-BF1E-91ECFD4D53E8}
		{7DB73BB7-70F9-40FC-80EE-304E5BC8650C} = {FF582F57-C0A7-4912-BF1E-91ECFD4D53E8}
		{F384A217-9A6F-4B80-BA49-E5D00C327F3A} = {FF582F57-C0A7-4912-BF1E-91ECFD4D53E8}
		{7A1D0905-90B8-42B7-8AFE-F03639204B3A} = {FF582F57-C0A7-4912-BF1E-91ECFD4D53E8}
		{0FC42AC1-A391-4040-AAD4-0C545816FDC4} = {FF582F57-C0A7-4912-BF1E-91ECFD4D53E8}
		{7EC373BA-D701-4C39-9970-CBC58ADBD550} = {FF582F57-C0A7-4912-BF1E-91ECFD4D53E8}
		{D6492C19-EC6A-4250-9B85-0F4EB9064296} = {FF582F57-C0A7-4912-BF1E-91ECFD4D53E8}
	EndGlobalSection
	GlobalSection(ExtensibilityGlobals) = postSolution
		SolutionGuid = {C84455BE-1B2C-44C8-953A-5516620F764A}
	EndGlobalSection
EndGlobal
